
Microsoft Visual Studio Solution File, Format Version 12.00
# Visual Studio Version 17
VisualStudioVersion = 17.5.002.0
MinimumVisualStudioVersion = 10.0.40219.1
Project("{9A19103F-16F7-4668-BE54-9A1E7A4F7556}") = "LoanCalculator.Tests", "LoanCalculator.Tests.csproj", "{8050ED6E-92BE-4144-BE48-53C6CE49D312}"
EndProject
Global
	GlobalSection(SolutionConfigurationPlatforms) = preSolution
		Debug|Any CPU = Debug|Any CPU
		Release|Any CPU = Release|Any CPU
	EndGlobalSection
	GlobalSection(ProjectConfigurationPlatforms) = postSolution
		{8050ED6E-92BE-4144-BE48-53C6CE49D312}.Debug|Any CPU.ActiveCfg = Debug|Any CPU
		{8050ED6E-92BE-4144-BE48-53C6CE49D312}.Debug|Any CPU.Build.0 = Debug|Any CPU
		{8050ED6E-92BE-4144-BE48-53C6CE49D312}.Release|Any CPU.ActiveCfg = Release|Any CPU
		{8050ED6E-92BE-4144-BE48-53C6CE49D312}.Release|Any CPU.Build.0 = Release|Any CPU
	EndGlobalSection
	GlobalSection(SolutionProperties) = preSolution
		HideSolutionNode = FALSE
	EndGlobalSection
	GlobalSection(ExtensibilityGlobals) = postSolution
		SolutionGuid = {40631118-AB92-4A2A-B056-0693E199685A}
	EndGlobalSection
EndGlobal
